
Microsoft Visual Studio Solution File, Format Version 12.00
# Visual Studio 2012
Project("{FAE04EC0-301F-11D3-BF4B-00C04F79EFBC}") = "SampleApp.Mvc", "SampleApp.Mvc\SampleApp.Mvc.csproj", "{8544FF86-7DAE-4479-A437-02C931E42676}"
EndProject
Global
	GlobalSection(SolutionConfigurationPlatforms) = preSolution
		Debug|Any CPU = Debug|Any CPU
		Release|Any CPU = Release|Any CPU
	EndGlobalSection
	GlobalSection(ProjectConfigurationPlatforms) = postSolution
		{8544FF86-7DAE-4479-A437-02C931E42676}.Debug|Any CPU.ActiveCfg = Debug|Any CPU
		{8544FF86-7DAE-4479-A437-02C931E42676}.Debug|Any CPU.Build.0 = Debug|Any CPU
		{8544FF86-7DAE-4479-A437-02C931E42676}.Release|Any CPU.ActiveCfg = Release|Any CPU
		{8544FF86-7DAE-4479-A437-02C931E42676}.Release|Any CPU.Build.0 = Release|Any CPU
	EndGlobalSection
EndGlobal
